
Microsoft Visual Studio Solution File, Format Version 12.00
# Visual Studio 15
VisualStudioVersion = 15.0.26228.4
MinimumVisualStudioVersion = 10.0.40219.1
Project("{2150E333-8FDC-42A3-9474-1A3956D46DE8}") = ".paket", ".paket", "{10611D5A-A07A-4455-ADC2-433BA75CF550}"
	ProjectSection(SolutionItems) = preProject
		paket.dependencies = paket.dependencies
	EndProjectSection
EndProject
Project("{F2A71F9B-5D33-465A-A702-920D77279786}") = "CIPHERPrototype5", "CIPHERPrototype5\CIPHERPrototype5.fsproj", "{A9610FE9-6ABB-408D-B610-268CDFB01B54}"
EndProject
Global
	GlobalSection(SolutionConfigurationPlatforms) = preSolution
		Debug|Any CPU = Debug|Any CPU
		Release|Any CPU = Release|Any CPU
	EndGlobalSection
	GlobalSection(ProjectConfigurationPlatforms) = postSolution
		{A9610FE9-6ABB-408D-B610-268CDFB01B54}.Debug|Any CPU.ActiveCfg = Debug|Any CPU
		{A9610FE9-6ABB-408D-B610-268CDFB01B54}.Debug|Any CPU.Build.0 = Debug|Any CPU
		{A9610FE9-6ABB-408D-B610-268CDFB01B54}.Release|Any CPU.ActiveCfg = Release|Any CPU
		{A9610FE9-6ABB-408D-B610-268CDFB01B54}.Release|Any CPU.Build.0 = Release|Any CPU
	EndGlobalSection
	GlobalSection(SolutionProperties) = preSolution
		HideSolutionNode = FALSE
	EndGlobalSection
EndGlobal
